
Microsoft Visual Studio Solution File, Format Version 12.00
# Visual Studio 15
Project("{FAE04EC0-301F-11D3-BF4B-00C04F79EFBC}") = "Assembly-CSharp", "Assembly-CSharp.csproj", "{7A280F3B-F34C-45FE-5B6E-BF240232D940}"
EndProject
Project("{FAE04EC0-301F-11D3-BF4B-00C04F79EFBC}") = "Assembly-CSharp-Editor", "Assembly-CSharp-Editor.csproj", "{387EA23B-5E90-9561-836C-D9D290C61110}"
EndProject
Global
	GlobalSection(SolutionConfigurationPlatforms) = preSolution
		Debug|Any CPU = Debug|Any CPU
		Release|Any CPU = Release|Any CPU
	EndGlobalSection
	GlobalSection(ProjectConfigurationPlatforms) = postSolution
		{7A280F3B-F34C-45FE-5B6E-BF240232D940}.Debug|Any CPU.ActiveCfg = Debug|Any CPU
		{7A280F3B-F34C-45FE-5B6E-BF240232D940}.Debug|Any CPU.Build.0 = Debug|Any CPU
		{7A280F3B-F34C-45FE-5B6E-BF240232D940}.Release|Any CPU.ActiveCfg = Release|Any CPU
		{7A280F3B-F34C-45FE-5B6E-BF240232D940}.Release|Any CPU.Build.0 = Release|Any CPU
		{387EA23B-5E90-9561-836C-D9D290C61110}.Debug|Any CPU.ActiveCfg = Debug|Any CPU
		{387EA23B-5E90-9561-836C-D9D290C61110}.Debug|Any CPU.Build.0 = Debug|Any CPU
		{387EA23B-5E90-9561-836C-D9D290C61110}.Release|Any CPU.ActiveCfg = Release|Any CPU
		{387EA23B-5E90-9561-836C-D9D290C61110}.Release|Any CPU.Build.0 = Release|Any CPU
	EndGlobalSection
	GlobalSection(SolutionProperties) = preSolution
		HideSolutionNode = FALSE
	EndGlobalSection
EndGlobal
